# This file is generated by running "yarn install" inside your project.
# Manual changes might be lost - proceed with caution!

__metadata:
  version: 6

"@big-whale-labs/eslint-config-bwl@workspace:.":
  version: 0.0.0-use.local
  resolution: "@big-whale-labs/eslint-config-bwl@workspace:."
  peerDependencies:
    eslint: ^8.23.1
    eslint-config-prettier: ^8.5.0
    eslint-plugin-import: ^2.26.0
    eslint-plugin-no-relative-import-paths: ^1.4.0
    eslint-plugin-prettier: ^4.2.1
    eslint-plugin-react: ^7.31.8
    eslint-plugin-react-hooks: ^4.6.0
    eslint-plugin-sort-destructure-keys: ^1.4.0
    eslint-plugin-sort-imports-es6-autofix: ^0.6.0
    eslint-plugin-sort-keys-fix: ^1.1.2
    eslint-plugin-valtio: ^0.6.0
  languageName: unknown
  linkType: soft
